
Microsoft Visual Studio Solution File, Format Version 12.00
# Visual Studio Version 17
VisualStudioVersion = 17.0.31903.59
MinimumVisualStudioVersion = 10.0.40219.1
Project("{9A19103F-16F7-4668-BE54-9A1E7A4F7556}") = "BFF", "BFF\BFF.csproj", "{B79B54D8-3C0E-4003-B84B-C1361348AF9E}"
EndProject
Project("{FAE04EC0-301F-11D3-BF4B-00C04F79EFBC}") = "BFF.Tests", "BFF.Tests\BFF.Tests.csproj", "{AE9E6CC1-8360-4B08-81E2-C93F645C4BEC}"
EndProject
Global
	GlobalSection(SolutionConfigurationPlatforms) = preSolution
		Debug|Any CPU = Debug|Any CPU
		Debug|x64 = Debug|x64
		Debug|x86 = Debug|x86
		Release|Any CPU = Release|Any CPU
		Release|x64 = Release|x64
		Release|x86 = Release|x86
	EndGlobalSection
	GlobalSection(ProjectConfigurationPlatforms) = postSolution
		{B79B54D8-3C0E-4003-B84B-C1361348AF9E}.Debug|Any CPU.ActiveCfg = Debug|Any CPU
		{B79B54D8-3C0E-4003-B84B-C1361348AF9E}.Debug|Any CPU.Build.0 = Debug|Any CPU
		{B79B54D8-3C0E-4003-B84B-C1361348AF9E}.Debug|x64.ActiveCfg = Debug|Any CPU
		{B79B54D8-3C0E-4003-B84B-C1361348AF9E}.Debug|x64.Build.0 = Debug|Any CPU
		{B79B54D8-3C0E-4003-B84B-C1361348AF9E}.Debug|x86.ActiveCfg = Debug|Any CPU
		{B79B54D8-3C0E-4003-B84B-C1361348AF9E}.Debug|x86.Build.0 = Debug|Any CPU
		{B79B54D8-3C0E-4003-B84B-C1361348AF9E}.Release|Any CPU.ActiveCfg = Release|Any CPU
		{B79B54D8-3C0E-4003-B84B-C1361348AF9E}.Release|Any CPU.Build.0 = Release|Any CPU
		{B79B54D8-3C0E-4003-B84B-C1361348AF9E}.Release|x64.ActiveCfg = Release|Any CPU
		{B79B54D8-3C0E-4003-B84B-C1361348AF9E}.Release|x64.Build.0 = Release|Any CPU
		{B79B54D8-3C0E-4003-B84B-C1361348AF9E}.Release|x86.ActiveCfg = Release|Any CPU
		{B79B54D8-3C0E-4003-B84B-C1361348AF9E}.Release|x86.Build.0 = Release|Any CPU
		{AE9E6CC1-8360-4B08-81E2-C93F645C4BEC}.Debug|Any CPU.ActiveCfg = Debug|Any CPU
		{AE9E6CC1-8360-4B08-81E2-C93F645C4BEC}.Debug|Any CPU.Build.0 = Debug|Any CPU
		{AE9E6CC1-8360-4B08-81E2-C93F645C4BEC}.Debug|x64.ActiveCfg = Debug|Any CPU
		{AE9E6CC1-8360-4B08-81E2-C93F645C4BEC}.Debug|x64.Build.0 = Debug|Any CPU
		{AE9E6CC1-8360-4B08-81E2-C93F645C4BEC}.Debug|x86.ActiveCfg = Debug|Any CPU
		{AE9E6CC1-8360-4B08-81E2-C93F645C4BEC}.Debug|x86.Build.0 = Debug|Any CPU
		{AE9E6CC1-8360-4B08-81E2-C93F645C4BEC}.Release|Any CPU.ActiveCfg = Release|Any CPU
		{AE9E6CC1-8360-4B08-81E2-C93F645C4BEC}.Release|Any CPU.Build.0 = Release|Any CPU
		{AE9E6CC1-8360-4B08-81E2-C93F645C4BEC}.Release|x64.ActiveCfg = Release|Any CPU
		{AE9E6CC1-8360-4B08-81E2-C93F645C4BEC}.Release|x64.Build.0 = Release|Any CPU
		{AE9E6CC1-8360-4B08-81E2-C93F645C4BEC}.Release|x86.ActiveCfg = Release|Any CPU
		{AE9E6CC1-8360-4B08-81E2-C93F645C4BEC}.Release|x86.Build.0 = Release|Any CPU
	EndGlobalSection
	GlobalSection(SolutionProperties) = preSolution
		HideSolutionNode = FALSE
	EndGlobalSection
	GlobalSection(ExtensibilityGlobals) = postSolution
		SolutionGuid = {4092F375-D44B-477F-BAF8-543C0D851815}
	EndGlobalSection
EndGlobal
